
Microsoft Visual Studio Solution File, Format Version 12.00
# Visual Studio Version 16
VisualStudioVersion = 16.0.29215.179
MinimumVisualStudioVersion = 10.0.40219.1
Project("{9A19103F-16F7-4668-BE54-9A1E7A4F7556}") = "Sample.WebApi", "Sample.WebApi\Sample.WebApi.csproj", "{06958EB1-25C5-4C15-90B9-DE1E6F91EA01}"
EndProject
Project("{9A19103F-16F7-4668-BE54-9A1E7A4F7556}") = "Sample.Service", "Sample.Service\Sample.Service.csproj", "{C57FC0CF-6488-4F04-AB5E-8F1E9E449385}"
EndProject
Project("{9A19103F-16F7-4668-BE54-9A1E7A4F7556}") = "Sample.Repository", "Sample.Repository\Sample.Repository.csproj", "{3306CAC4-D3F0-4FD8-AE60-015724A6FAE7}"
EndProject
Global
	GlobalSection(SolutionConfigurationPlatforms) = preSolution
		Debug|Any CPU = Debug|Any CPU
		Release|Any CPU = Release|Any CPU
	EndGlobalSection
	GlobalSection(ProjectConfigurationPlatforms) = postSolution
		{06958EB1-25C5-4C15-90B9-DE1E6F91EA01}.Debug|Any CPU.ActiveCfg = Debug|Any CPU
		{06958EB1-25C5-4C15-90B9-DE1E6F91EA01}.Debug|Any CPU.Build.0 = Debug|Any CPU
		{06958EB1-25C5-4C15-90B9-DE1E6F91EA01}.Release|Any CPU.ActiveCfg = Release|Any CPU
		{06958EB1-25C5-4C15-90B9-DE1E6F91EA01}.Release|Any CPU.Build.0 = Release|Any CPU
		{C57FC0CF-6488-4F04-AB5E-8F1E9E449385}.Debug|Any CPU.ActiveCfg = Debug|Any CPU
		{C57FC0CF-6488-4F04-AB5E-8F1E9E449385}.Debug|Any CPU.Build.0 = Debug|Any CPU
		{C57FC0CF-6488-4F04-AB5E-8F1E9E449385}.Release|Any CPU.ActiveCfg = Release|Any CPU
		{C57FC0CF-6488-4F04-AB5E-8F1E9E449385}.Release|Any CPU.Build.0 = Release|Any CPU
		{3306CAC4-D3F0-4FD8-AE60-015724A6FAE7}.Debug|Any CPU.ActiveCfg = Debug|Any CPU
		{3306CAC4-D3F0-4FD8-AE60-015724A6FAE7}.Debug|Any CPU.Build.0 = Debug|Any CPU
		{3306CAC4-D3F0-4FD8-AE60-015724A6FAE7}.Release|Any CPU.ActiveCfg = Release|Any CPU
		{3306CAC4-D3F0-4FD8-AE60-015724A6FAE7}.Release|Any CPU.Build.0 = Release|Any CPU
	EndGlobalSection
	GlobalSection(SolutionProperties) = preSolution
		HideSolutionNode = FALSE
	EndGlobalSection
	GlobalSection(ExtensibilityGlobals) = postSolution
		SolutionGuid = {342EBBD7-A473-41FE-8412-7E349B6FE107}
	EndGlobalSection
EndGlobal
