
Microsoft Visual Studio Solution File, Format Version 12.00
# Visual Studio Version 16
VisualStudioVersion = 16.0.29215.179
MinimumVisualStudioVersion = 10.0.40219.1
Project("{FAE04EC0-301F-11D3-BF4B-00C04F79EFBC}") = "RepositoryPattern.Repository", "RepositoryPattern.Repository\RepositoryPattern.Repository.csproj", "{2A0B7181-8742-4CF7-A0DF-CABA543444F0}"
EndProject
Project("{FAE04EC0-301F-11D3-BF4B-00C04F79EFBC}") = "RepositoryPattern.Common", "RepositoryPattern.Common\RepositoryPattern.Common.csproj", "{A4C54707-32F5-4862-AC2D-7C5251658066}"
EndProject
Project("{FAE04EC0-301F-11D3-BF4B-00C04F79EFBC}") = "RepositoryPattern.Service", "RepositoryPattern.Service\RepositoryPattern.Service.csproj", "{A3C584FA-31F1-4453-9275-49BB0D4D1F43}"
EndProject
Project("{FAE04EC0-301F-11D3-BF4B-00C04F79EFBC}") = "RepositoryPattern.WebApi", "RepositoryPattern.WebApi\RepositoryPattern.WebApi.csproj", "{2A157000-BE6D-4300-A93F-E23B52C7A782}"
EndProject
Global
	GlobalSection(SolutionConfigurationPlatforms) = preSolution
		Debug|Any CPU = Debug|Any CPU
		Release|Any CPU = Release|Any CPU
	EndGlobalSection
	GlobalSection(ProjectConfigurationPlatforms) = postSolution
		{2A0B7181-8742-4CF7-A0DF-CABA543444F0}.Debug|Any CPU.ActiveCfg = Debug|Any CPU
		{2A0B7181-8742-4CF7-A0DF-CABA543444F0}.Debug|Any CPU.Build.0 = Debug|Any CPU
		{2A0B7181-8742-4CF7-A0DF-CABA543444F0}.Release|Any CPU.ActiveCfg = Release|Any CPU
		{2A0B7181-8742-4CF7-A0DF-CABA543444F0}.Release|Any CPU.Build.0 = Release|Any CPU
		{A4C54707-32F5-4862-AC2D-7C5251658066}.Debug|Any CPU.ActiveCfg = Debug|Any CPU
		{A4C54707-32F5-4862-AC2D-7C5251658066}.Debug|Any CPU.Build.0 = Debug|Any CPU
		{A4C54707-32F5-4862-AC2D-7C5251658066}.Release|Any CPU.ActiveCfg = Release|Any CPU
		{A4C54707-32F5-4862-AC2D-7C5251658066}.Release|Any CPU.Build.0 = Release|Any CPU
		{A3C584FA-31F1-4453-9275-49BB0D4D1F43}.Debug|Any CPU.ActiveCfg = Debug|Any CPU
		{A3C584FA-31F1-4453-9275-49BB0D4D1F43}.Debug|Any CPU.Build.0 = Debug|Any CPU
		{A3C584FA-31F1-4453-9275-49BB0D4D1F43}.Release|Any CPU.ActiveCfg = Release|Any CPU
		{A3C584FA-31F1-4453-9275-49BB0D4D1F43}.Release|Any CPU.Build.0 = Release|Any CPU
		{2A157000-BE6D-4300-A93F-E23B52C7A782}.Debug|Any CPU.ActiveCfg = Debug|Any CPU
		{2A157000-BE6D-4300-A93F-E23B52C7A782}.Debug|Any CPU.Build.0 = Debug|Any CPU
		{2A157000-BE6D-4300-A93F-E23B52C7A782}.Release|Any CPU.ActiveCfg = Release|Any CPU
		{2A157000-BE6D-4300-A93F-E23B52C7A782}.Release|Any CPU.Build.0 = Release|Any CPU
	EndGlobalSection
	GlobalSection(SolutionProperties) = preSolution
		HideSolutionNode = FALSE
	EndGlobalSection
	GlobalSection(ExtensibilityGlobals) = postSolution
		SolutionGuid = {D25AED01-412A-4654-AE03-79BFBA693E02}
	EndGlobalSection
EndGlobal
